
Microsoft Visual Studio Solution File, Format Version 12.00
# Visual Studio Version 17
VisualStudioVersion = 17.4.33213.308
MinimumVisualStudioVersion = 10.0.40219.1
Project("{FAE04EC0-301F-11D3-BF4B-00C04F79EFBC}") = "MagicVilla_API", "MagicVilla_API\MagicVilla_API.csproj", "{1A466806-3C66-4D69-859E-4A0011F7BA81}"
EndProject
Global
	GlobalSection(SolutionConfigurationPlatforms) = preSolution
		Debug|Any CPU = Debug|Any CPU
		Release|Any CPU = Release|Any CPU
	EndGlobalSection
	GlobalSection(ProjectConfigurationPlatforms) = postSolution
		{1A466806-3C66-4D69-859E-4A0011F7BA81}.Debug|Any CPU.ActiveCfg = Debug|Any CPU
		{1A466806-3C66-4D69-859E-4A0011F7BA81}.Debug|Any CPU.Build.0 = Debug|Any CPU
		{1A466806-3C66-4D69-859E-4A0011F7BA81}.Release|Any CPU.ActiveCfg = Release|Any CPU
		{1A466806-3C66-4D69-859E-4A0011F7BA81}.Release|Any CPU.Build.0 = Release|Any CPU
	EndGlobalSection
	GlobalSection(SolutionProperties) = preSolution
		HideSolutionNode = FALSE
	EndGlobalSection
	GlobalSection(ExtensibilityGlobals) = postSolution
		SolutionGuid = {A251E444-0F65-4DDE-AF5F-FDCF00E972BA}
	EndGlobalSection
EndGlobal
